
Microsoft Visual Studio Solution File, Format Version 12.00
# Visual Studio Version 16
VisualStudioVersion = 16.0.30011.22
MinimumVisualStudioVersion = 10.0.40219.1
Project("{6EC3EE1D-3C4E-46DD-8F32-0CC8E7565705}") = "SFConfigManager.Core", "SFConfigManager.Core\SFConfigManager.Core.fsproj", "{81EAC41E-13FD-42DA-A2F8-82C6202DBDDE}"
EndProject
Project("{6EC3EE1D-3C4E-46DD-8F32-0CC8E7565705}") = "SFConfigManager.Main", "SFConfigManager.Main\SFConfigManager.Main.fsproj", "{1E5F5D47-E3F9-490E-A817-124F0922E6AD}"
EndProject
Project("{6EC3EE1D-3C4E-46DD-8F32-0CC8E7565705}") = "SFConfigManager.Data", "SFConfigManager.Data\SFConfigManager.Data.fsproj", "{56F14632-009D-4BC2-81CC-2B3EDA990BD5}"
EndProject
Project("{6EC3EE1D-3C4E-46DD-8F32-0CC8E7565705}") = "SFConfigManager.Extensions", "SFConfigManager.Extensions\SFConfigManager.Extensions.fsproj", "{E466A72C-B3E9-4F5E-B5EF-867EE60A672B}"
EndProject
Project("{6EC3EE1D-3C4E-46DD-8F32-0CC8E7565705}") = "SFConfigManager.Core.Test", "SFConfigManager.Core.Test\SFConfigManager.Core.Test.fsproj", "{AC5530B6-1A47-462D-B1E9-00F198F2B583}"
EndProject
Project("{2150E333-8FDC-42A3-9474-1A3956D46DE8}") = "Frontend", "Frontend", "{988D5668-34E4-43F0-B02F-1135D6D82756}"
EndProject
Project("{2150E333-8FDC-42A3-9474-1A3956D46DE8}") = "Core", "Core", "{5C32F4AC-6BF3-49FF-B15E-CB324A38B753}"
EndProject
Project("{2150E333-8FDC-42A3-9474-1A3956D46DE8}") = "Common", "Common", "{DC50D787-A500-4E2F-BB97-A3B650A87C42}"
EndProject
Project("{2150E333-8FDC-42A3-9474-1A3956D46DE8}") = "Tests", "Tests", "{3FEF04A8-4BEE-481B-971D-FE2073856015}"
EndProject
Project("{2150E333-8FDC-42A3-9474-1A3956D46DE8}") = "Solution Items", "Solution Items", "{D60ABD26-7E51-4385-A2ED-E0E69A830E97}"
	ProjectSection(SolutionItems) = preProject
		.gitignore = .gitignore
		LICENSE = LICENSE
		.github\workflows\main.yml = .github\workflows\main.yml
		README.md = README.md
	EndProjectSection
EndProject
Global
	GlobalSection(SolutionConfigurationPlatforms) = preSolution
		Debug|Any CPU = Debug|Any CPU
		Release|Any CPU = Release|Any CPU
	EndGlobalSection
	GlobalSection(ProjectConfigurationPlatforms) = postSolution
		{81EAC41E-13FD-42DA-A2F8-82C6202DBDDE}.Debug|Any CPU.ActiveCfg = Debug|Any CPU
		{81EAC41E-13FD-42DA-A2F8-82C6202DBDDE}.Debug|Any CPU.Build.0 = Debug|Any CPU
		{81EAC41E-13FD-42DA-A2F8-82C6202DBDDE}.Release|Any CPU.ActiveCfg = Release|Any CPU
		{81EAC41E-13FD-42DA-A2F8-82C6202DBDDE}.Release|Any CPU.Build.0 = Release|Any CPU
		{1E5F5D47-E3F9-490E-A817-124F0922E6AD}.Debug|Any CPU.ActiveCfg = Debug|Any CPU
		{1E5F5D47-E3F9-490E-A817-124F0922E6AD}.Debug|Any CPU.Build.0 = Debug|Any CPU
		{1E5F5D47-E3F9-490E-A817-124F0922E6AD}.Release|Any CPU.ActiveCfg = Release|Any CPU
		{1E5F5D47-E3F9-490E-A817-124F0922E6AD}.Release|Any CPU.Build.0 = Release|Any CPU
		{56F14632-009D-4BC2-81CC-2B3EDA990BD5}.Debug|Any CPU.ActiveCfg = Debug|Any CPU
		{56F14632-009D-4BC2-81CC-2B3EDA990BD5}.Debug|Any CPU.Build.0 = Debug|Any CPU
		{56F14632-009D-4BC2-81CC-2B3EDA990BD5}.Release|Any CPU.ActiveCfg = Release|Any CPU
		{56F14632-009D-4BC2-81CC-2B3EDA990BD5}.Release|Any CPU.Build.0 = Release|Any CPU
		{E466A72C-B3E9-4F5E-B5EF-867EE60A672B}.Debug|Any CPU.ActiveCfg = Debug|Any CPU
		{E466A72C-B3E9-4F5E-B5EF-867EE60A672B}.Debug|Any CPU.Build.0 = Debug|Any CPU
		{E466A72C-B3E9-4F5E-B5EF-867EE60A672B}.Release|Any CPU.ActiveCfg = Release|Any CPU
		{E466A72C-B3E9-4F5E-B5EF-867EE60A672B}.Release|Any CPU.Build.0 = Release|Any CPU
		{AC5530B6-1A47-462D-B1E9-00F198F2B583}.Debug|Any CPU.ActiveCfg = Debug|Any CPU
		{AC5530B6-1A47-462D-B1E9-00F198F2B583}.Debug|Any CPU.Build.0 = Debug|Any CPU
		{AC5530B6-1A47-462D-B1E9-00F198F2B583}.Release|Any CPU.ActiveCfg = Release|Any CPU
		{AC5530B6-1A47-462D-B1E9-00F198F2B583}.Release|Any CPU.Build.0 = Release|Any CPU
	EndGlobalSection
	GlobalSection(SolutionProperties) = preSolution
		HideSolutionNode = FALSE
	EndGlobalSection
	GlobalSection(NestedProjects) = preSolution
		{81EAC41E-13FD-42DA-A2F8-82C6202DBDDE} = {5C32F4AC-6BF3-49FF-B15E-CB324A38B753}
		{1E5F5D47-E3F9-490E-A817-124F0922E6AD} = {988D5668-34E4-43F0-B02F-1135D6D82756}
		{56F14632-009D-4BC2-81CC-2B3EDA990BD5} = {DC50D787-A500-4E2F-BB97-A3B650A87C42}
		{E466A72C-B3E9-4F5E-B5EF-867EE60A672B} = {DC50D787-A500-4E2F-BB97-A3B650A87C42}
		{AC5530B6-1A47-462D-B1E9-00F198F2B583} = {3FEF04A8-4BEE-481B-971D-FE2073856015}
	EndGlobalSection
	GlobalSection(ExtensibilityGlobals) = postSolution
		SolutionGuid = {C9B16935-E7F9-41C2-8AA0-E659E32A25E6}
	EndGlobalSection
EndGlobal
