
Microsoft Visual Studio Solution File, Format Version 12.00
# Visual Studio Version 16
VisualStudioVersion = 16.0.30011.22
MinimumVisualStudioVersion = 10.0.40219.1
Project("{F2A71F9B-5D33-465A-A702-920D77279786}") = "SFConfigManager.Core", "SFConfigManager.Core\SFConfigManager.Core.fsproj", "{81EAC41E-13FD-42DA-A2F8-82C6202DBDDE}"
EndProject
Project("{F2A71F9B-5D33-465A-A702-920D77279786}") = "SFConfigManager.Main", "SFConfigManager.Main\SFConfigManager.Main.fsproj", "{1E5F5D47-E3F9-490E-A817-124F0922E6AD}"
EndProject
Global
	GlobalSection(SolutionConfigurationPlatforms) = preSolution
		Debug|Any CPU = Debug|Any CPU
		Release|Any CPU = Release|Any CPU
	EndGlobalSection
	GlobalSection(ProjectConfigurationPlatforms) = postSolution
		{81EAC41E-13FD-42DA-A2F8-82C6202DBDDE}.Debug|Any CPU.ActiveCfg = Debug|Any CPU
		{81EAC41E-13FD-42DA-A2F8-82C6202DBDDE}.Debug|Any CPU.Build.0 = Debug|Any CPU
		{81EAC41E-13FD-42DA-A2F8-82C6202DBDDE}.Release|Any CPU.ActiveCfg = Release|Any CPU
		{81EAC41E-13FD-42DA-A2F8-82C6202DBDDE}.Release|Any CPU.Build.0 = Release|Any CPU
		{1E5F5D47-E3F9-490E-A817-124F0922E6AD}.Debug|Any CPU.ActiveCfg = Debug|Any CPU
		{1E5F5D47-E3F9-490E-A817-124F0922E6AD}.Debug|Any CPU.Build.0 = Debug|Any CPU
		{1E5F5D47-E3F9-490E-A817-124F0922E6AD}.Release|Any CPU.ActiveCfg = Release|Any CPU
		{1E5F5D47-E3F9-490E-A817-124F0922E6AD}.Release|Any CPU.Build.0 = Release|Any CPU
	EndGlobalSection
	GlobalSection(SolutionProperties) = preSolution
		HideSolutionNode = FALSE
	EndGlobalSection
	GlobalSection(ExtensibilityGlobals) = postSolution
		SolutionGuid = {C9B16935-E7F9-41C2-8AA0-E659E32A25E6}
	EndGlobalSection
EndGlobal
